
Microsoft Visual Studio Solution File, Format Version 12.00
# Visual Studio 15
VisualStudioVersion = 15.0.28010.2046
MinimumVisualStudioVersion = 10.0.40219.1
Project("{FAE04EC0-301F-11D3-BF4B-00C04F79EFBC}") = "InfinityShell", "InfinityShell\InfinityShell.csproj", "{1DD8E435-6A82-4F8F-B0ED-0D607457931B}"
EndProject
Global
	GlobalSection(SolutionConfigurationPlatforms) = preSolution
		Debug|Any CPU = Debug|Any CPU
		Release|Any CPU = Release|Any CPU
	EndGlobalSection
	GlobalSection(ProjectConfigurationPlatforms) = postSolution
		{1DD8E435-6A82-4F8F-B0ED-0D607457931B}.Debug|Any CPU.ActiveCfg = Debug|Any CPU
		{1DD8E435-6A82-4F8F-B0ED-0D607457931B}.Debug|Any CPU.Build.0 = Debug|Any CPU
		{1DD8E435-6A82-4F8F-B0ED-0D607457931B}.Release|Any CPU.ActiveCfg = Release|Any CPU
		{1DD8E435-6A82-4F8F-B0ED-0D607457931B}.Release|Any CPU.Build.0 = Release|Any CPU
	EndGlobalSection
	GlobalSection(SolutionProperties) = preSolution
		HideSolutionNode = FALSE
	EndGlobalSection
	GlobalSection(ExtensibilityGlobals) = postSolution
		SolutionGuid = {DEAE41F6-6AED-4682-936E-DF83A027AEAE}
	EndGlobalSection
EndGlobal
